
Microsoft Visual Studio Solution File, Format Version 12.00
# Visual Studio 15
VisualStudioVersion = 15.0.27130.2010
MinimumVisualStudioVersion = 10.0.40219.1
Project("{FAE04EC0-301F-11D3-BF4B-00C04F79EFBC}") = "Ejercicios_C_W3C", "Ejercicios_C_W3C\Ejercicios_C_W3C.csproj", "{974737BE-4A1E-4680-A4B3-FEEF6118C5B5}"
EndProject
Global
	GlobalSection(SolutionConfigurationPlatforms) = preSolution
		Debug|Any CPU = Debug|Any CPU
		Release|Any CPU = Release|Any CPU
	EndGlobalSection
	GlobalSection(ProjectConfigurationPlatforms) = postSolution
		{974737BE-4A1E-4680-A4B3-FEEF6118C5B5}.Debug|Any CPU.ActiveCfg = Debug|Any CPU
		{974737BE-4A1E-4680-A4B3-FEEF6118C5B5}.Debug|Any CPU.Build.0 = Debug|Any CPU
		{974737BE-4A1E-4680-A4B3-FEEF6118C5B5}.Release|Any CPU.ActiveCfg = Release|Any CPU
		{974737BE-4A1E-4680-A4B3-FEEF6118C5B5}.Release|Any CPU.Build.0 = Release|Any CPU
	EndGlobalSection
	GlobalSection(SolutionProperties) = preSolution
		HideSolutionNode = FALSE
	EndGlobalSection
	GlobalSection(ExtensibilityGlobals) = postSolution
		SolutionGuid = {17F52E66-025A-45A6-99B2-6E5CEAA2E795}
	EndGlobalSection
EndGlobal
